
Microsoft Visual Studio Solution File, Format Version 12.00
# Visual Studio Version 17
VisualStudioVersion = 17.10.35013.160
MinimumVisualStudioVersion = 10.0.40219.1
Project("{2150E333-8FDC-42A3-9474-1A3956D46DE8}") = "SRC", "SRC", "{93AF7805-974B-4AD7-8049-638B2EF4B8B8}"
EndProject
Project("{9A19103F-16F7-4668-BE54-9A1E7A4F7556}") = "LSP", "LSP\LSP.csproj", "{ED47E116-FCC1-4D26-A168-D55ECB5653E4}"
EndProject
Global
	GlobalSection(SolutionConfigurationPlatforms) = preSolution
		Debug|Any CPU = Debug|Any CPU
		Release|Any CPU = Release|Any CPU
	EndGlobalSection
	GlobalSection(ProjectConfigurationPlatforms) = postSolution
		{ED47E116-FCC1-4D26-A168-D55ECB5653E4}.Debug|Any CPU.ActiveCfg = Debug|Any CPU
		{ED47E116-FCC1-4D26-A168-D55ECB5653E4}.Debug|Any CPU.Build.0 = Debug|Any CPU
		{ED47E116-FCC1-4D26-A168-D55ECB5653E4}.Release|Any CPU.ActiveCfg = Release|Any CPU
		{ED47E116-FCC1-4D26-A168-D55ECB5653E4}.Release|Any CPU.Build.0 = Release|Any CPU
	EndGlobalSection
	GlobalSection(SolutionProperties) = preSolution
		HideSolutionNode = FALSE
	EndGlobalSection
	GlobalSection(NestedProjects) = preSolution
		{ED47E116-FCC1-4D26-A168-D55ECB5653E4} = {93AF7805-974B-4AD7-8049-638B2EF4B8B8}
	EndGlobalSection
	GlobalSection(ExtensibilityGlobals) = postSolution
		SolutionGuid = {B7021769-E40D-4416-8447-26E7874726EB}
	EndGlobalSection
EndGlobal
